
Microsoft Visual Studio Solution File, Format Version 12.00
# Visual Studio Version 16
VisualStudioVersion = 16.0.30717.126
MinimumVisualStudioVersion = 10.0.40219.1
Project("{FAE04EC0-301F-11D3-BF4B-00C04F79EFBC}") = "Business", "Business\Business.csproj", "{26EB3323-2618-4141-9923-FF88F9617131}"
EndProject
Project("{FAE04EC0-301F-11D3-BF4B-00C04F79EFBC}") = "DataAccess", "DataAccess\DataAccess.csproj", "{81D82896-60ED-45B9-8AE6-CF93889B5852}"
EndProject
Project("{FAE04EC0-301F-11D3-BF4B-00C04F79EFBC}") = "Entities", "Entities\Entities.csproj", "{41A8D74A-B1EF-49DE-8326-E4FAE39ACA26}"
EndProject
Project("{FAE04EC0-301F-11D3-BF4B-00C04F79EFBC}") = "ConsoleUI", "ConsoleUI\ConsoleUI.csproj", "{DAF42B1F-CEB3-4575-9CA0-BDBB7A00699A}"
EndProject
Global
	GlobalSection(SolutionConfigurationPlatforms) = preSolution
		Debug|Any CPU = Debug|Any CPU
		Release|Any CPU = Release|Any CPU
	EndGlobalSection
	GlobalSection(ProjectConfigurationPlatforms) = postSolution
		{26EB3323-2618-4141-9923-FF88F9617131}.Debug|Any CPU.ActiveCfg = Debug|Any CPU
		{26EB3323-2618-4141-9923-FF88F9617131}.Debug|Any CPU.Build.0 = Debug|Any CPU
		{26EB3323-2618-4141-9923-FF88F9617131}.Release|Any CPU.ActiveCfg = Release|Any CPU
		{26EB3323-2618-4141-9923-FF88F9617131}.Release|Any CPU.Build.0 = Release|Any CPU
		{81D82896-60ED-45B9-8AE6-CF93889B5852}.Debug|Any CPU.ActiveCfg = Debug|Any CPU
		{81D82896-60ED-45B9-8AE6-CF93889B5852}.Debug|Any CPU.Build.0 = Debug|Any CPU
		{81D82896-60ED-45B9-8AE6-CF93889B5852}.Release|Any CPU.ActiveCfg = Release|Any CPU
		{81D82896-60ED-45B9-8AE6-CF93889B5852}.Release|Any CPU.Build.0 = Release|Any CPU
		{41A8D74A-B1EF-49DE-8326-E4FAE39ACA26}.Debug|Any CPU.ActiveCfg = Debug|Any CPU
		{41A8D74A-B1EF-49DE-8326-E4FAE39ACA26}.Debug|Any CPU.Build.0 = Debug|Any CPU
		{41A8D74A-B1EF-49DE-8326-E4FAE39ACA26}.Release|Any CPU.ActiveCfg = Release|Any CPU
		{41A8D74A-B1EF-49DE-8326-E4FAE39ACA26}.Release|Any CPU.Build.0 = Release|Any CPU
		{DAF42B1F-CEB3-4575-9CA0-BDBB7A00699A}.Debug|Any CPU.ActiveCfg = Debug|Any CPU
		{DAF42B1F-CEB3-4575-9CA0-BDBB7A00699A}.Debug|Any CPU.Build.0 = Debug|Any CPU
		{DAF42B1F-CEB3-4575-9CA0-BDBB7A00699A}.Release|Any CPU.ActiveCfg = Release|Any CPU
		{DAF42B1F-CEB3-4575-9CA0-BDBB7A00699A}.Release|Any CPU.Build.0 = Release|Any CPU
	EndGlobalSection
	GlobalSection(SolutionProperties) = preSolution
		HideSolutionNode = FALSE
	EndGlobalSection
	GlobalSection(ExtensibilityGlobals) = postSolution
		SolutionGuid = {ABB74DE0-021E-41EB-AADD-4FE15A1ADC12}
	EndGlobalSection
EndGlobal
